
Microsoft Visual Studio Solution File, Format Version 12.00
# Visual Studio Version 16
VisualStudioVersion = 16.0.28803.202
MinimumVisualStudioVersion = 10.0.40219.1
Project("{9A19103F-16F7-4668-BE54-9A1E7A4F7556}") = "InfoTrack.OAuth", "src\InfoTrack.OAuth\InfoTrack.OAuth.csproj", "{E3CD85B5-8EDE-4B0C-9C40-99CA0A9F778C}"
EndProject
Project("{9A19103F-16F7-4668-BE54-9A1E7A4F7556}") = "InfoTrack.OAuth.Caching.DotNetFramework", "src\InfoTrack.OAuth.Caching.DotNetFramework\InfoTrack.OAuth.Caching.DotNetFramework.csproj", "{42B5F2F7-3A22-4EDB-A4A1-666C170F340F}"
EndProject
Project("{2150E333-8FDC-42A3-9474-1A3956D46DE8}") = "Solution Items", "Solution Items", "{1F49F9A6-6A36-4597-B419-CE8812B376AB}"
	ProjectSection(SolutionItems) = preProject
		.gitignore = .gitignore
		build.cake = build.cake
		build.ps1 = build.ps1
		build.sh = build.sh
		GitVersion.yml = GitVersion.yml
		LICENSE.txt = LICENSE.txt
		readme.md = readme.md
	EndProjectSection
EndProject
Project("{9A19103F-16F7-4668-BE54-9A1E7A4F7556}") = "InfoTrack.OAuth.Caching.DotNetStandard", "src\InfoTrack.OAuth.Caching.DotNetStandard\InfoTrack.OAuth.Caching.DotNetStandard.csproj", "{F322BD3D-2EA1-49A8-9EAC-BE8083261E5E}"
EndProject
Global
	GlobalSection(SolutionConfigurationPlatforms) = preSolution
		Debug|Any CPU = Debug|Any CPU
		Release|Any CPU = Release|Any CPU
	EndGlobalSection
	GlobalSection(ProjectConfigurationPlatforms) = postSolution
		{E3CD85B5-8EDE-4B0C-9C40-99CA0A9F778C}.Debug|Any CPU.ActiveCfg = Debug|Any CPU
		{E3CD85B5-8EDE-4B0C-9C40-99CA0A9F778C}.Debug|Any CPU.Build.0 = Debug|Any CPU
		{E3CD85B5-8EDE-4B0C-9C40-99CA0A9F778C}.Release|Any CPU.ActiveCfg = Release|Any CPU
		{E3CD85B5-8EDE-4B0C-9C40-99CA0A9F778C}.Release|Any CPU.Build.0 = Release|Any CPU
		{42B5F2F7-3A22-4EDB-A4A1-666C170F340F}.Debug|Any CPU.ActiveCfg = Debug|Any CPU
		{42B5F2F7-3A22-4EDB-A4A1-666C170F340F}.Debug|Any CPU.Build.0 = Debug|Any CPU
		{42B5F2F7-3A22-4EDB-A4A1-666C170F340F}.Release|Any CPU.ActiveCfg = Release|Any CPU
		{42B5F2F7-3A22-4EDB-A4A1-666C170F340F}.Release|Any CPU.Build.0 = Release|Any CPU
		{F322BD3D-2EA1-49A8-9EAC-BE8083261E5E}.Debug|Any CPU.ActiveCfg = Debug|Any CPU
		{F322BD3D-2EA1-49A8-9EAC-BE8083261E5E}.Debug|Any CPU.Build.0 = Debug|Any CPU
		{F322BD3D-2EA1-49A8-9EAC-BE8083261E5E}.Release|Any CPU.ActiveCfg = Release|Any CPU
		{F322BD3D-2EA1-49A8-9EAC-BE8083261E5E}.Release|Any CPU.Build.0 = Release|Any CPU
	EndGlobalSection
	GlobalSection(SolutionProperties) = preSolution
		HideSolutionNode = FALSE
	EndGlobalSection
	GlobalSection(ExtensibilityGlobals) = postSolution
		SolutionGuid = {741223F3-E67B-47E5-91E7-144F96A7CD74}
	EndGlobalSection
EndGlobal
